{
  "version": 4,
  "terraform_version": "1.5.7",
  "serial": 15,
  "lineage": "09e03ec9-efc5-e119-c386-52e42c8a3580",
  "outputs": {
    "repository_name": {
      "value": "MyNewRepo11",
      "type": "string"
    },
    "repository_url": {
      "value": "https://github.com/Mr3bd/MyNewRepo11",
      "type": "string"
    }
  },
  "resources": [
    {
      "mode": "managed",
      "type": "github_branch",
      "name": "branch",
      "provider": "provider[\"registry.terraform.io/hashicorp/github\"]",
      "instances": [
        {
          "index_key": "dev",
          "schema_version": 0,
          "attributes": {
            "branch": "dev",
            "etag": "W/\"9dfaffc44d2225886579aaf764d504c175af2ee850eced68b8d08f0658a5c28a\"",
            "id": "MyNewRepo11:dev",
            "ref": "refs/heads/dev",
            "repository": "MyNewRepo11",
            "sha": "c5d216dc9abc86ab01bbc7dda56e37c3943583d8",
            "source_branch": "main",
            "source_sha": "c5d216dc9abc86ab01bbc7dda56e37c3943583d8"
          },
          "sensitive_attributes": [],
          "private": "bnVsbA==",
          "dependencies": [
            "github_repository.repo"
          ]
        }
      ]
    },
    {
      "mode": "managed",
      "type": "github_repository",
      "name": "new_repo",
      "provider": "provider[\"registry.terraform.io/integrations/github\"]",
      "instances": [
        {
          "schema_version": 1,
          "attributes": {
            "allow_auto_merge": false,
            "allow_merge_commit": false,
            "allow_rebase_merge": false,
            "allow_squash_merge": false,
            "allow_update_branch": false,
            "archive_on_destroy": null,
            "archived": false,
            "auto_init": true,
            "default_branch": "main",
            "delete_branch_on_merge": false,
            "description": "Managed by Terraform",
            "etag": "W/\"8cb3c75ad27282c9033122166a53c4d64f4ac91dcde6146cdeb79b11b6fa8e7a\"",
            "full_name": "Mr3bd/test",
            "git_clone_url": "git://github.com/Mr3bd/test.git",
            "gitignore_template": null,
            "has_discussions": false,
            "has_downloads": false,
            "has_issues": false,
            "has_projects": false,
            "has_wiki": false,
            "homepage_url": "",
            "html_url": "https://github.com/Mr3bd/test",
            "http_clone_url": "https://github.com/Mr3bd/test.git",
            "id": "test",
            "ignore_vulnerability_alerts_during_read": null,
            "is_template": false,
            "license_template": null,
            "merge_commit_message": "",
            "merge_commit_title": "",
            "name": "test",
            "node_id": "R_kgDON8pmZg",
            "pages": [],
            "primary_language": "",
            "private": false,
            "repo_id": 936011366,
            "security_and_analysis": [],
            "squash_merge_commit_message": "",
            "squash_merge_commit_title": "",
            "ssh_clone_url": "git@github.com:Mr3bd/test.git",
            "svn_url": "https://github.com/Mr3bd/test",
            "template": [],
            "topics": [],
            "visibility": "public",
            "vulnerability_alerts": false,
            "web_commit_signoff_required": false
          },
          "sensitive_attributes": [],
          "private": "eyJzY2hlbWFfdmVyc2lvbiI6IjEifQ=="
        }
      ]
    },
    {
      "mode": "managed",
      "type": "github_repository",
      "name": "repo",
      "provider": "provider[\"registry.terraform.io/hashicorp/github\"]",
      "instances": [
        {
          "schema_version": 1,
          "attributes": {
            "allow_auto_merge": false,
            "allow_merge_commit": true,
            "allow_rebase_merge": true,
            "allow_squash_merge": true,
            "allow_update_branch": false,
            "archive_on_destroy": null,
            "archived": false,
            "auto_init": true,
            "default_branch": "main",
            "delete_branch_on_merge": false,
            "description": "A new repository created with Terraform",
            "etag": "W/\"3368cd68a567892cae3bad7c034070f3b3a8fa92fc5ef5ed5278a610ed475ff6\"",
            "full_name": "Mr3bd/MyNewRepo11",
            "git_clone_url": "git://github.com/Mr3bd/MyNewRepo11.git",
            "gitignore_template": null,
            "has_discussions": false,
            "has_downloads": false,
            "has_issues": false,
            "has_projects": false,
            "has_wiki": false,
            "homepage_url": "",
            "html_url": "https://github.com/Mr3bd/MyNewRepo11",
            "http_clone_url": "https://github.com/Mr3bd/MyNewRepo11.git",
            "id": "MyNewRepo11",
            "ignore_vulnerability_alerts_during_read": null,
            "is_template": false,
            "license_template": null,
            "merge_commit_message": "PR_TITLE",
            "merge_commit_title": "MERGE_MESSAGE",
            "name": "MyNewRepo11",
            "node_id": "R_kgDON-iQgw",
            "pages": [],
            "primary_language": "",
            "private": true,
            "repo_id": 937988227,
            "security_and_analysis": [],
            "squash_merge_commit_message": "COMMIT_MESSAGES",
            "squash_merge_commit_title": "COMMIT_OR_PR_TITLE",
            "ssh_clone_url": "git@github.com:Mr3bd/MyNewRepo11.git",
            "svn_url": "https://github.com/Mr3bd/MyNewRepo11",
            "template": [],
            "topics": [],
            "visibility": "private",
            "vulnerability_alerts": false,
            "web_commit_signoff_required": false
          },
          "sensitive_attributes": [],
          "private": "eyJzY2hlbWFfdmVyc2lvbiI6IjEifQ=="
        }
      ]
    },
    {
      "mode": "managed",
      "type": "github_team_membership",
      "name": "team_membership",
      "provider": "provider[\"registry.terraform.io/integrations/github\"]",
      "instances": []
    }
  ],
  "check_results": null
}
