{
  "version": 4,
  "terraform_version": "1.5.7",
  "serial": 5,
  "lineage": "09e03ec9-efc5-e119-c386-52e42c8a3580",
  "outputs": {
    "repository_url": {
      "value": "https://github.com/Mr3bd/test",
      "type": "string"
    }
  },
  "resources": [
    {
      "mode": "managed",
      "type": "github_branch",
      "name": "branches",
      "provider": "provider[\"registry.terraform.io/integrations/github\"]",
      "instances": [
        {
          "index_key": "dev",
          "schema_version": 0,
          "attributes": {
            "branch": "dev",
            "etag": "W/\"c78952e5783a393e6a683e7ac58446a6d9f0098948886bef959b7c67eec3f5ee\"",
            "id": "test:dev",
            "ref": "refs/heads/dev",
            "repository": "test",
            "sha": "dce3c254902768423ac0af9aac634467d3042877",
            "source_branch": "main",
            "source_sha": "dce3c254902768423ac0af9aac634467d3042877"
          },
          "sensitive_attributes": [],
          "private": "bnVsbA==",
          "dependencies": [
            "github_repository.new_repo"
          ]
        },
        {
          "index_key": "main",
          "schema_version": 0,
          "attributes": {
            "branch": "main",
            "etag": "W/\"05d4a0d8342cf3675438e7c9bfbd97f2f4424cb02092820bc5f7f620857e6af1\"",
            "id": "test:main",
            "ref": "refs/heads/main",
            "repository": "test",
            "sha": "dce3c254902768423ac0af9aac634467d3042877",
            "source_branch": "main",
            "source_sha": "dce3c254902768423ac0af9aac634467d3042877"
          },
          "sensitive_attributes": [],
          "private": "bnVsbA==",
          "dependencies": [
            "github_repository.new_repo"
          ]
        }
      ]
    },
    {
      "mode": "managed",
      "type": "github_repository",
      "name": "new_repo",
      "provider": "provider[\"registry.terraform.io/integrations/github\"]",
      "instances": [
        {
          "schema_version": 1,
          "attributes": {
            "allow_auto_merge": false,
            "allow_merge_commit": true,
            "allow_rebase_merge": true,
            "allow_squash_merge": true,
            "allow_update_branch": false,
            "archive_on_destroy": null,
            "archived": false,
            "auto_init": true,
            "default_branch": "main",
            "delete_branch_on_merge": false,
            "description": "Managed by Terraform",
            "etag": "W/\"01b5d64c4bf151d582df9243bf28d24d9bc2b74097a4a030f19a5bbf35da5056\"",
            "full_name": "Mr3bd/test",
            "git_clone_url": "git://github.com/Mr3bd/test.git",
            "gitignore_template": null,
            "has_discussions": false,
            "has_downloads": false,
            "has_issues": false,
            "has_projects": false,
            "has_wiki": false,
            "homepage_url": "",
            "html_url": "https://github.com/Mr3bd/test",
            "http_clone_url": "https://github.com/Mr3bd/test.git",
            "id": "test",
            "ignore_vulnerability_alerts_during_read": null,
            "is_template": false,
            "license_template": null,
            "merge_commit_message": "PR_TITLE",
            "merge_commit_title": "MERGE_MESSAGE",
            "name": "test",
            "node_id": "R_kgDON8pmZg",
            "pages": [],
            "primary_language": "",
            "private": false,
            "repo_id": 936011366,
            "security_and_analysis": [
              {
                "advanced_security": [],
                "secret_scanning": [
                  {
                    "status": "enabled"
                  }
                ],
                "secret_scanning_push_protection": [
                  {
                    "status": "enabled"
                  }
                ]
              }
            ],
            "squash_merge_commit_message": "COMMIT_MESSAGES",
            "squash_merge_commit_title": "COMMIT_OR_PR_TITLE",
            "ssh_clone_url": "git@github.com:Mr3bd/test.git",
            "svn_url": "https://github.com/Mr3bd/test",
            "template": [],
            "topics": [],
            "visibility": "public",
            "vulnerability_alerts": false,
            "web_commit_signoff_required": false
          },
          "sensitive_attributes": [],
          "private": "eyJzY2hlbWFfdmVyc2lvbiI6IjEifQ=="
        }
      ]
    },
    {
      "mode": "managed",
      "type": "github_team_membership",
      "name": "team_membership",
      "provider": "provider[\"registry.terraform.io/integrations/github\"]",
      "instances": []
    }
  ],
  "check_results": null
}
